
Microsoft Visual Studio Solution File, Format Version 12.00
Project("{2150E333-8FDC-42A3-9474-1A3956D46DE8}") = "Board", "Board", "{0E3F1965-CDB6-4FF0-BCDE-414F6D7EDDAF}"
EndProject
Project("{2150E333-8FDC-42A3-9474-1A3956D46DE8}") = "Application", "Application", "{92549121-4D47-486A-9596-963C7E75BB1E}"
EndProject
Project("{2150E333-8FDC-42A3-9474-1A3956D46DE8}") = "Contracts", "Contracts", "{C595AAF1-C587-4C39-AA56-DF73E6AA1468}"
EndProject
Project("{2150E333-8FDC-42A3-9474-1A3956D46DE8}") = "Domain", "Domain", "{8E36FABE-36D9-4714-9E3D-B510C94D4EBB}"
EndProject
Project("{2150E333-8FDC-42A3-9474-1A3956D46DE8}") = "Host", "Host", "{166D022E-AA6B-425F-8D9C-DA32F25455B2}"
EndProject
Project("{2150E333-8FDC-42A3-9474-1A3956D46DE8}") = "Infrastructure", "Infrastructure", "{C1135FAB-4E1B-438C-8E9E-B991D059934F}"
EndProject
Project("{2150E333-8FDC-42A3-9474-1A3956D46DE8}") = "Common", "Common", "{975D944F-BFA9-485E-8CBC-CADE25E67D22}"
EndProject
Project("{FAE04EC0-301F-11D3-BF4B-00C04F79EFBC}") = "Board.Application.Appdata", "Board\Application\Board.Application.Appdata\Board.Application.Appdata.csproj", "{762B6B95-6B61-4717-8FA8-71D58F2053E8}"
EndProject
Project("{2150E333-8FDC-42A3-9474-1A3956D46DE8}") = "Contexts", "Contexts", "{E05E9AB2-2EE7-415D-8C2A-D2BA3FCFE006}"
EndProject
Project("{2150E333-8FDC-42A3-9474-1A3956D46DE8}") = "Comments", "Comments", "{71264F7B-5272-418E-88EB-13E14A49FF26}"
EndProject
Project("{2150E333-8FDC-42A3-9474-1A3956D46DE8}") = "Favorites", "Favorites", "{A75EFBC4-3F06-41FA-9143-7A973223D046}"
EndProject
Project("{2150E333-8FDC-42A3-9474-1A3956D46DE8}") = "Posts", "Posts", "{07AE1C1B-AFEA-4662-A99F-DC92405D2CBD}"
EndProject
Project("{2150E333-8FDC-42A3-9474-1A3956D46DE8}") = "Users", "Users", "{95A01433-DFEC-4A0A-9D68-1BF54AC17138}"
EndProject
Project("{2150E333-8FDC-42A3-9474-1A3956D46DE8}") = "Services", "Services", "{CA023874-6857-4977-A01D-FCC330A8BFCF}"
EndProject
Project("{2150E333-8FDC-42A3-9474-1A3956D46DE8}") = "Repositories", "Repositories", "{68E07538-F281-421E-8738-807CAC065BB2}"
EndProject
Project("{FAE04EC0-301F-11D3-BF4B-00C04F79EFBC}") = "Board.Infrastructure", "Board\Infrastructure\Board.Infrastructure\Board.Infrastructure.csproj", "{172F7D8C-B8DB-45F4-A4AD-46687275D825}"
EndProject
Project("{FAE04EC0-301F-11D3-BF4B-00C04F79EFBC}") = "Board.Infrastructure.DataAccess", "Board\Infrastructure\Board.Infrastructure.DataAccess\Board.Infrastructure.DataAccess.csproj", "{9ED4A35D-395A-46D2-9E73-039E9B0595D2}"
EndProject
Project("{2150E333-8FDC-42A3-9474-1A3956D46DE8}") = "Contexts", "Contexts", "{80B3F233-41A1-4030-B756-07EFACD0DC58}"
EndProject
Project("{2150E333-8FDC-42A3-9474-1A3956D46DE8}") = "Users", "Users", "{29B9FB6F-17A6-49E7-A952-33F2CE2F456E}"
EndProject
Project("{2150E333-8FDC-42A3-9474-1A3956D46DE8}") = "Repositories", "Repositories", "{F14525A6-5118-44AE-A076-E34A85EF63B3}"
EndProject
Project("{FAE04EC0-301F-11D3-BF4B-00C04F79EFBC}") = "Board.Contracts", "Board\Contracts\Board.Contracts\Board.Contracts.csproj", "{EF57FE20-D461-4BEB-81F9-DA4DC059ADF5}"
EndProject
Project("{FAE04EC0-301F-11D3-BF4B-00C04F79EFBC}") = "Board.Domain", "Board\Domain\Board.Domain\Board.Domain.csproj", "{7ACC64B1-D109-449E-AD50-F519AF047A03}"
EndProject
Global
	GlobalSection(SolutionConfigurationPlatforms) = preSolution
		Debug|Any CPU = Debug|Any CPU
		Release|Any CPU = Release|Any CPU
	EndGlobalSection
	GlobalSection(NestedProjects) = preSolution
		{92549121-4D47-486A-9596-963C7E75BB1E} = {0E3F1965-CDB6-4FF0-BCDE-414F6D7EDDAF}
		{C595AAF1-C587-4C39-AA56-DF73E6AA1468} = {0E3F1965-CDB6-4FF0-BCDE-414F6D7EDDAF}
		{8E36FABE-36D9-4714-9E3D-B510C94D4EBB} = {0E3F1965-CDB6-4FF0-BCDE-414F6D7EDDAF}
		{166D022E-AA6B-425F-8D9C-DA32F25455B2} = {0E3F1965-CDB6-4FF0-BCDE-414F6D7EDDAF}
		{C1135FAB-4E1B-438C-8E9E-B991D059934F} = {0E3F1965-CDB6-4FF0-BCDE-414F6D7EDDAF}
		{762B6B95-6B61-4717-8FA8-71D58F2053E8} = {92549121-4D47-486A-9596-963C7E75BB1E}
		{E05E9AB2-2EE7-415D-8C2A-D2BA3FCFE006} = {92549121-4D47-486A-9596-963C7E75BB1E}
		{71264F7B-5272-418E-88EB-13E14A49FF26} = {E05E9AB2-2EE7-415D-8C2A-D2BA3FCFE006}
		{A75EFBC4-3F06-41FA-9143-7A973223D046} = {E05E9AB2-2EE7-415D-8C2A-D2BA3FCFE006}
		{07AE1C1B-AFEA-4662-A99F-DC92405D2CBD} = {E05E9AB2-2EE7-415D-8C2A-D2BA3FCFE006}
		{95A01433-DFEC-4A0A-9D68-1BF54AC17138} = {E05E9AB2-2EE7-415D-8C2A-D2BA3FCFE006}
		{CA023874-6857-4977-A01D-FCC330A8BFCF} = {95A01433-DFEC-4A0A-9D68-1BF54AC17138}
		{68E07538-F281-421E-8738-807CAC065BB2} = {95A01433-DFEC-4A0A-9D68-1BF54AC17138}
		{172F7D8C-B8DB-45F4-A4AD-46687275D825} = {C1135FAB-4E1B-438C-8E9E-B991D059934F}
		{9ED4A35D-395A-46D2-9E73-039E9B0595D2} = {C1135FAB-4E1B-438C-8E9E-B991D059934F}
		{80B3F233-41A1-4030-B756-07EFACD0DC58} = {C1135FAB-4E1B-438C-8E9E-B991D059934F}
		{29B9FB6F-17A6-49E7-A952-33F2CE2F456E} = {80B3F233-41A1-4030-B756-07EFACD0DC58}
		{F14525A6-5118-44AE-A076-E34A85EF63B3} = {29B9FB6F-17A6-49E7-A952-33F2CE2F456E}
		{EF57FE20-D461-4BEB-81F9-DA4DC059ADF5} = {C595AAF1-C587-4C39-AA56-DF73E6AA1468}
		{7ACC64B1-D109-449E-AD50-F519AF047A03} = {8E36FABE-36D9-4714-9E3D-B510C94D4EBB}
	EndGlobalSection
	GlobalSection(ProjectConfigurationPlatforms) = postSolution
		{762B6B95-6B61-4717-8FA8-71D58F2053E8}.Debug|Any CPU.ActiveCfg = Debug|Any CPU
		{762B6B95-6B61-4717-8FA8-71D58F2053E8}.Debug|Any CPU.Build.0 = Debug|Any CPU
		{762B6B95-6B61-4717-8FA8-71D58F2053E8}.Release|Any CPU.ActiveCfg = Release|Any CPU
		{762B6B95-6B61-4717-8FA8-71D58F2053E8}.Release|Any CPU.Build.0 = Release|Any CPU
		{172F7D8C-B8DB-45F4-A4AD-46687275D825}.Debug|Any CPU.ActiveCfg = Debug|Any CPU
		{172F7D8C-B8DB-45F4-A4AD-46687275D825}.Debug|Any CPU.Build.0 = Debug|Any CPU
		{172F7D8C-B8DB-45F4-A4AD-46687275D825}.Release|Any CPU.ActiveCfg = Release|Any CPU
		{172F7D8C-B8DB-45F4-A4AD-46687275D825}.Release|Any CPU.Build.0 = Release|Any CPU
		{9ED4A35D-395A-46D2-9E73-039E9B0595D2}.Debug|Any CPU.ActiveCfg = Debug|Any CPU
		{9ED4A35D-395A-46D2-9E73-039E9B0595D2}.Debug|Any CPU.Build.0 = Debug|Any CPU
		{9ED4A35D-395A-46D2-9E73-039E9B0595D2}.Release|Any CPU.ActiveCfg = Release|Any CPU
		{9ED4A35D-395A-46D2-9E73-039E9B0595D2}.Release|Any CPU.Build.0 = Release|Any CPU
		{EF57FE20-D461-4BEB-81F9-DA4DC059ADF5}.Debug|Any CPU.ActiveCfg = Debug|Any CPU
		{EF57FE20-D461-4BEB-81F9-DA4DC059ADF5}.Debug|Any CPU.Build.0 = Debug|Any CPU
		{EF57FE20-D461-4BEB-81F9-DA4DC059ADF5}.Release|Any CPU.ActiveCfg = Release|Any CPU
		{EF57FE20-D461-4BEB-81F9-DA4DC059ADF5}.Release|Any CPU.Build.0 = Release|Any CPU
		{7ACC64B1-D109-449E-AD50-F519AF047A03}.Debug|Any CPU.ActiveCfg = Debug|Any CPU
		{7ACC64B1-D109-449E-AD50-F519AF047A03}.Debug|Any CPU.Build.0 = Debug|Any CPU
		{7ACC64B1-D109-449E-AD50-F519AF047A03}.Release|Any CPU.ActiveCfg = Release|Any CPU
		{7ACC64B1-D109-449E-AD50-F519AF047A03}.Release|Any CPU.Build.0 = Release|Any CPU
	EndGlobalSection
EndGlobal
